// !$*UTF8*$!
{
	archiveVersion = 1;
	classes = {
	};
	objectVersion = 46;
	objects = {

/* Begin PBXBuildFile section */
		BE1E1FDB1D4A803400920D5F /* AppDelegate.swift in Sources */ = {isa = PBXBuildFile; fileRef = BE1E1FDA1D4A803400920D5F /* AppDelegate.swift */; };
		BE1E1FE01D4A803400920D5F /* Main.storyboard in Resources */ = {isa = PBXBuildFile; fileRef = BE1E1FDE1D4A803400920D5F /* Main.storyboard */; };
		BE1E1FE21D4A803400920D5F /* Assets.xcassets in Resources */ = {isa = PBXBuildFile; fileRef = BE1E1FE11D4A803400920D5F /* Assets.xcassets */; };
		BE1E1FE51D4A803400920D5F /* LaunchScreen.storyboard in Resources */ = {isa = PBXBuildFile; fileRef = BE1E1FE31D4A803400920D5F /* LaunchScreen.storyboard */; };
		BE1E1FF01D4A803400920D5F /* Quote_AssistTests.swift in Sources */ = {isa = PBXBuildFile; fileRef = BE1E1FEF1D4A803400920D5F /* Quote_AssistTests.swift */; };
		BE1E1FFB1D4A803400920D5F /* Quote_AssistUITests.swift in Sources */ = {isa = PBXBuildFile; fileRef = BE1E1FFA1D4A803400920D5F /* Quote_AssistUITests.swift */; };
		BE1E20091D4A985900920D5F /* InputViewController.swift in Sources */ = {isa = PBXBuildFile; fileRef = BE1E20081D4A985900920D5F /* InputViewController.swift */; };
		BE1E200B1D4A994A00920D5F /* Constant.swift in Sources */ = {isa = PBXBuildFile; fileRef = BE1E200A1D4A994A00920D5F /* Constant.swift */; };
		BE1E200D1D4AB18400920D5F /* DataPickerDelegate.swift in Sources */ = {isa = PBXBuildFile; fileRef = BE1E200C1D4AB18400920D5F /* DataPickerDelegate.swift */; };
		BE9F2BB41D53DA6B00BF9F2D /* GoodsSpecsPickerDelegate.swift in Sources */ = {isa = PBXBuildFile; fileRef = BE9F2BB31D53DA6B00BF9F2D /* GoodsSpecsPickerDelegate.swift */; };
		BE9F2BB61D53DFC300BF9F2D /* PriceAlgorithm.swift in Sources */ = {isa = PBXBuildFile; fileRef = BE9F2BB51D53DFC300BF9F2D /* PriceAlgorithm.swift */; };
		BEB22ABE1D552D9400F831DF /* DataCache.swift in Sources */ = {isa = PBXBuildFile; fileRef = BEB22ABD1D552D9400F831DF /* DataCache.swift */; };
		BEE7F3C91D4C14AD008F5010 /* MoreInfoViewController.swift in Sources */ = {isa = PBXBuildFile; fileRef = BEE7F3C81D4C14AD008F5010 /* MoreInfoViewController.swift */; };
		BEFD16D21D4FC29E002D759C /* StatusLinesView.swift in Sources */ = {isa = PBXBuildFile; fileRef = BEFD16D11D4FC29E002D759C /* StatusLinesView.swift */; };
/* End PBXBuildFile section */

/* Begin PBXContainerItemProxy section */
		BE1E1FEC1D4A803400920D5F /* PBXContainerItemProxy */ = {
			isa = PBXContainerItemProxy;
			containerPortal = BE1E1FCF1D4A803400920D5F /* Project object */;
			proxyType = 1;
			remoteGlobalIDString = BE1E1FD61D4A803400920D5F;
			remoteInfo = "Quote Assist";
		};
		BE1E1FF71D4A803400920D5F /* PBXContainerItemProxy */ = {
			isa = PBXContainerItemProxy;
			containerPortal = BE1E1FCF1D4A803400920D5F /* Project object */;
			proxyType = 1;
			remoteGlobalIDString = BE1E1FD61D4A803400920D5F;
			remoteInfo = "Quote Assist";
		};
/* End PBXContainerItemProxy section */

/* Begin PBXFileReference section */
		BE1E1FD71D4A803400920D5F /* Quote Assist.app */ = {isa = PBXFileReference; explicitFileType = wrapper.application; includeInIndex = 0; path = "Quote Assist.app"; sourceTree = BUILT_PRODUCTS_DIR; };
		BE1E1FDA1D4A803400920D5F /* AppDelegate.swift */ = {isa = PBXFileReference; lastKnownFileType = sourcecode.swift; path = AppDelegate.swift; sourceTree = "<group>"; };
		BE1E1FDF1D4A803400920D5F /* Base */ = {isa = PBXFileReference; lastKnownFileType = file.storyboard; name = Base; path = Base.lproj/Main.storyboard; sourceTree = "<group>"; };
		BE1E1FE11D4A803400920D5F /* Assets.xcassets */ = {isa = PBXFileReference; lastKnownFileType = folder.assetcatalog; path = Assets.xcassets; sourceTree = "<group>"; };
		BE1E1FE41D4A803400920D5F /* Base */ = {isa = PBXFileReference; lastKnownFileType = file.storyboard; name = Base; path = Base.lproj/LaunchScreen.storyboard; sourceTree = "<group>"; };
		BE1E1FE61D4A803400920D5F /* Info.plist */ = {isa = PBXFileReference; lastKnownFileType = text.plist.xml; path = Info.plist; sourceTree = "<group>"; };
		BE1E1FEB1D4A803400920D5F /* Quote AssistTests.xctest */ = {isa = PBXFileReference; explicitFileType = wrapper.cfbundle; includeInIndex = 0; path = "Quote AssistTests.xctest"; sourceTree = BUILT_PRODUCTS_DIR; };
		BE1E1FEF1D4A803400920D5F /* Quote_AssistTests.swift */ = {isa = PBXFileReference; lastKnownFileType = sourcecode.swift; path = Quote_AssistTests.swift; sourceTree = "<group>"; };
		BE1E1FF11D4A803400920D5F /* Info.plist */ = {isa = PBXFileReference; lastKnownFileType = text.plist.xml; path = Info.plist; sourceTree = "<group>"; };
		BE1E1FF61D4A803400920D5F /* Quote AssistUITests.xctest */ = {isa = PBXFileReference; explicitFileType = wrapper.cfbundle; includeInIndex = 0; path = "Quote AssistUITests.xctest"; sourceTree = BUILT_PRODUCTS_DIR; };
		BE1E1FFA1D4A803400920D5F /* Quote_AssistUITests.swift */ = {isa = PBXFileReference; lastKnownFileType = sourcecode.swift; path = Quote_AssistUITests.swift; sourceTree = "<group>"; };
		BE1E1FFC1D4A803400920D5F /* Info.plist */ = {isa = PBXFileReference; lastKnownFileType = text.plist.xml; path = Info.plist; sourceTree = "<group>"; };
		BE1E20081D4A985900920D5F /* InputViewController.swift */ = {isa = PBXFileReference; fileEncoding = 4; lastKnownFileType = sourcecode.swift; name = InputViewController.swift; path = ../InputViewController.swift; sourceTree = "<group>"; };
		BE1E200A1D4A994A00920D5F /* Constant.swift */ = {isa = PBXFileReference; fileEncoding = 4; lastKnownFileType = sourcecode.swift; path = Constant.swift; sourceTree = "<group>"; };
		BE1E200C1D4AB18400920D5F /* DataPickerDelegate.swift */ = {isa = PBXFileReference; fileEncoding = 4; lastKnownFileType = sourcecode.swift; path = DataPickerDelegate.swift; sourceTree = "<group>"; };
		BE9F2BB31D53DA6B00BF9F2D /* GoodsSpecsPickerDelegate.swift */ = {isa = PBXFileReference; fileEncoding = 4; lastKnownFileType = sourcecode.swift; path = GoodsSpecsPickerDelegate.swift; sourceTree = "<group>"; };
		BE9F2BB51D53DFC300BF9F2D /* PriceAlgorithm.swift */ = {isa = PBXFileReference; fileEncoding = 4; lastKnownFileType = sourcecode.swift; path = PriceAlgorithm.swift; sourceTree = "<group>"; };
		BEB22ABD1D552D9400F831DF /* DataCache.swift */ = {isa = PBXFileReference; fileEncoding = 4; lastKnownFileType = sourcecode.swift; path = DataCache.swift; sourceTree = "<group>"; };
		BEE7F3C81D4C14AD008F5010 /* MoreInfoViewController.swift */ = {isa = PBXFileReference; fileEncoding = 4; lastKnownFileType = sourcecode.swift; path = MoreInfoViewController.swift; sourceTree = "<group>"; };
		BEFD16D11D4FC29E002D759C /* StatusLinesView.swift */ = {isa = PBXFileReference; fileEncoding = 4; lastKnownFileType = sourcecode.swift; path = StatusLinesView.swift; sourceTree = "<group>"; };
/* End PBXFileReference section */

/* Begin PBXFrameworksBuildPhase section */
		BE1E1FD41D4A803400920D5F /* Frameworks */ = {
			isa = PBXFrameworksBuildPhase;
			buildActionMask = 2147483647;
			files = (
			);
			runOnlyForDeploymentPostprocessing = 0;
		};
		BE1E1FE81D4A803400920D5F /* Frameworks */ = {
			isa = PBXFrameworksBuildPhase;
			buildActionMask = 2147483647;
			files = (
			);
			runOnlyForDeploymentPostprocessing = 0;
		};
		BE1E1FF31D4A803400920D5F /* Frameworks */ = {
			isa = PBXFrameworksBuildPhase;
			buildActionMask = 2147483647;
			files = (
			);
			runOnlyForDeploymentPostprocessing = 0;
		};
/* End PBXFrameworksBuildPhase section */

/* Begin PBXGroup section */
		BE1E1FCE1D4A803400920D5F = {
			isa = PBXGroup;
			children = (
				BE1E1FD91D4A803400920D5F /* Quote Assist */,
				BE1E1FEE1D4A803400920D5F /* Quote AssistTests */,
				BE1E1FF91D4A803400920D5F /* Quote AssistUITests */,
				BE1E1FD81D4A803400920D5F /* Products */,
			);
			sourceTree = "<group>";
		};
		BE1E1FD81D4A803400920D5F /* Products */ = {
			isa = PBXGroup;
			children = (
				BE1E1FD71D4A803400920D5F /* Quote Assist.app */,
				BE1E1FEB1D4A803400920D5F /* Quote AssistTests.xctest */,
				BE1E1FF61D4A803400920D5F /* Quote AssistUITests.xctest */,
			);
			name = Products;
			sourceTree = "<group>";
		};
		BE1E1FD91D4A803400920D5F /* Quote Assist */ = {
			isa = PBXGroup;
			children = (
				BE1E20081D4A985900920D5F /* InputViewController.swift */,
				BE1E200C1D4AB18400920D5F /* DataPickerDelegate.swift */,
				BEE7F3C81D4C14AD008F5010 /* MoreInfoViewController.swift */,
				BE9F2BB31D53DA6B00BF9F2D /* GoodsSpecsPickerDelegate.swift */,
				BE1E1FDA1D4A803400920D5F /* AppDelegate.swift */,
				BE1E1FDE1D4A803400920D5F /* Main.storyboard */,
				BE1E1FE11D4A803400920D5F /* Assets.xcassets */,
				BE1E1FE31D4A803400920D5F /* LaunchScreen.storyboard */,
				BE1E1FE61D4A803400920D5F /* Info.plist */,
				BE1E200A1D4A994A00920D5F /* Constant.swift */,
				BEFD16D11D4FC29E002D759C /* StatusLinesView.swift */,
				BE9F2BB51D53DFC300BF9F2D /* PriceAlgorithm.swift */,
				BEB22ABD1D552D9400F831DF /* DataCache.swift */,
			);
			path = "Quote Assist";
			sourceTree = "<group>";
		};
		BE1E1FEE1D4A803400920D5F /* Quote AssistTests */ = {
			isa = PBXGroup;
			children = (
				BE1E1FEF1D4A803400920D5F /* Quote_AssistTests.swift */,
				BE1E1FF11D4A803400920D5F /* Info.plist */,
			);
			path = "Quote AssistTests";
			sourceTree = "<group>";
		};
		BE1E1FF91D4A803400920D5F /* Quote AssistUITests */ = {
			isa = PBXGroup;
			children = (
				BE1E1FFA1D4A803400920D5F /* Quote_AssistUITests.swift */,
				BE1E1FFC1D4A803400920D5F /* Info.plist */,
			);
			path = "Quote AssistUITests";
			sourceTree = "<group>";
		};
/* End PBXGroup section */

/* Begin PBXNativeTarget section */
		BE1E1FD61D4A803400920D5F /* Quote Assist */ = {
			isa = PBXNativeTarget;
			buildConfigurationList = BE1E1FFF1D4A803400920D5F /* Build configuration list for PBXNativeTarget "Quote Assist" */;
			buildPhases = (
				BE1E1FD31D4A803400920D5F /* Sources */,
				BE1E1FD41D4A803400920D5F /* Frameworks */,
				BE1E1FD51D4A803400920D5F /* Resources */,
			);
			buildRules = (
			);
			dependencies = (
			);
			name = "Quote Assist";
			productName = "Quote Assist";
			productReference = BE1E1FD71D4A803400920D5F /* Quote Assist.app */;
			productType = "com.apple.product-type.application";
		};
		BE1E1FEA1D4A803400920D5F /* Quote AssistTests */ = {
			isa = PBXNativeTarget;
			buildConfigurationList = BE1E20021D4A803400920D5F /* Build configuration list for PBXNativeTarget "Quote AssistTests" */;
			buildPhases = (
				BE1E1FE71D4A803400920D5F /* Sources */,
				BE1E1FE81D4A803400920D5F /* Frameworks */,
				BE1E1FE91D4A803400920D5F /* Resources */,
			);
			buildRules = (
			);
			dependencies = (
				BE1E1FED1D4A803400920D5F /* PBXTargetDependency */,
			);
			name = "Quote AssistTests";
			productName = "Quote AssistTests";
			productReference = BE1E1FEB1D4A803400920D5F /* Quote AssistTests.xctest */;
			productType = "com.apple.product-type.bundle.unit-test";
		};
		BE1E1FF51D4A803400920D5F /* Quote AssistUITests */ = {
			isa = PBXNativeTarget;
			buildConfigurationList = BE1E20051D4A803400920D5F /* Build configuration list for PBXNativeTarget "Quote AssistUITests" */;
			buildPhases = (
				BE1E1FF21D4A803400920D5F /* Sources */,
				BE1E1FF31D4A803400920D5F /* Frameworks */,
				BE1E1FF41D4A803400920D5F /* Resources */,
			);
			buildRules = (
			);
			dependencies = (
				BE1E1FF81D4A803400920D5F /* PBXTargetDependency */,
			);
			name = "Quote AssistUITests";
			productName = "Quote AssistUITests";
			productReference = BE1E1FF61D4A803400920D5F /* Quote AssistUITests.xctest */;
			productType = "com.apple.product-type.bundle.ui-testing";
		};
/* End PBXNativeTarget section */

/* Begin PBXProject section */
		BE1E1FCF1D4A803400920D5F /* Project object */ = {
			isa = PBXProject;
			attributes = {
				LastSwiftUpdateCheck = 0730;
				LastUpgradeCheck = 0730;
				ORGANIZATIONNAME = "Li Yin";
				TargetAttributes = {
					BE1E1FD61D4A803400920D5F = {
						CreatedOnToolsVersion = 7.3.1;
					};
					BE1E1FEA1D4A803400920D5F = {
						CreatedOnToolsVersion = 7.3.1;
						TestTargetID = BE1E1FD61D4A803400920D5F;
					};
					BE1E1FF51D4A803400920D5F = {
						CreatedOnToolsVersion = 7.3.1;
						TestTargetID = BE1E1FD61D4A803400920D5F;
					};
				};
			};
			buildConfigurationList = BE1E1FD21D4A803400920D5F /* Build configuration list for PBXProject "Quote Assist" */;
			compatibilityVersion = "Xcode 3.2";
			developmentRegion = English;
			hasScannedForEncodings = 0;
			knownRegions = (
				en,
				Base,
			);
			mainGroup = BE1E1FCE1D4A803400920D5F;
			productRefGroup = BE1E1FD81D4A803400920D5F /* Products */;
			projectDirPath = "";
			projectRoot = "";
			targets = (
				BE1E1FD61D4A803400920D5F /* Quote Assist */,
				BE1E1FEA1D4A803400920D5F /* Quote AssistTests */,
				BE1E1FF51D4A803400920D5F /* Quote AssistUITests */,
			);
		};
/* End PBXProject section */

/* Begin PBXResourcesBuildPhase section */
		BE1E1FD51D4A803400920D5F /* Resources */ = {
			isa = PBXResourcesBuildPhase;
			buildActionMask = 2147483647;
			files = (
				BE1E1FE51D4A803400920D5F /* LaunchScreen.storyboard in Resources */,
				BE1E1FE21D4A803400920D5F /* Assets.xcassets in Resources */,
				BE1E1FE01D4A803400920D5F /* Main.storyboard in Resources */,
			);
			runOnlyForDeploymentPostprocessing = 0;
		};
		BE1E1FE91D4A803400920D5F /* Resources */ = {
			isa = PBXResourcesBuildPhase;
			buildActionMask = 2147483647;
			files = (
			);
			runOnlyForDeploymentPostprocessing = 0;
		};
		BE1E1FF41D4A803400920D5F /* Resources */ = {
			isa = PBXResourcesBuildPhase;
			buildActionMask = 2147483647;
			files = (
			);
			runOnlyForDeploymentPostprocessing = 0;
		};
/* End PBXResourcesBuildPhase section */

/* Begin PBXSourcesBuildPhase section */
		BE1E1FD31D4A803400920D5F /* Sources */ = {
			isa = PBXSourcesBuildPhase;
			buildActionMask = 2147483647;
			files = (
				BEE7F3C91D4C14AD008F5010 /* MoreInfoViewController.swift in Sources */,
				BE9F2BB61D53DFC300BF9F2D /* PriceAlgorithm.swift in Sources */,
				BEB22ABE1D552D9400F831DF /* DataCache.swift in Sources */,
				BE1E1FDB1D4A803400920D5F /* AppDelegate.swift in Sources */,
				BE9F2BB41D53DA6B00BF9F2D /* GoodsSpecsPickerDelegate.swift in Sources */,
				BE1E20091D4A985900920D5F /* InputViewController.swift in Sources */,
				BE1E200B1D4A994A00920D5F /* Constant.swift in Sources */,
				BE1E200D1D4AB18400920D5F /* DataPickerDelegate.swift in Sources */,
				BEFD16D21D4FC29E002D759C /* StatusLinesView.swift in Sources */,
			);
			runOnlyForDeploymentPostprocessing = 0;
		};
		BE1E1FE71D4A803400920D5F /* Sources */ = {
			isa = PBXSourcesBuildPhase;
			buildActionMask = 2147483647;
			files = (
				BE1E1FF01D4A803400920D5F /* Quote_AssistTests.swift in Sources */,
			);
			runOnlyForDeploymentPostprocessing = 0;
		};
		BE1E1FF21D4A803400920D5F /* Sources */ = {
			isa = PBXSourcesBuildPhase;
			buildActionMask = 2147483647;
			files = (
				BE1E1FFB1D4A803400920D5F /* Quote_AssistUITests.swift in Sources */,
			);
			runOnlyForDeploymentPostprocessing = 0;
		};
/* End PBXSourcesBuildPhase section */

/* Begin PBXTargetDependency section */
		BE1E1FED1D4A803400920D5F /* PBXTargetDependency */ = {
			isa = PBXTargetDependency;
			target = BE1E1FD61D4A803400920D5F /* Quote Assist */;
			targetProxy = BE1E1FEC1D4A803400920D5F /* PBXContainerItemProxy */;
		};
		BE1E1FF81D4A803400920D5F /* PBXTargetDependency */ = {
			isa = PBXTargetDependency;
			target = BE1E1FD61D4A803400920D5F /* Quote Assist */;
			targetProxy = BE1E1FF71D4A803400920D5F /* PBXContainerItemProxy */;
		};
/* End PBXTargetDependency section */

/* Begin PBXVariantGroup section */
		BE1E1FDE1D4A803400920D5F /* Main.storyboard */ = {
			isa = PBXVariantGroup;
			children = (
				BE1E1FDF1D4A803400920D5F /* Base */,
			);
			name = Main.storyboard;
			sourceTree = "<group>";
		};
		BE1E1FE31D4A803400920D5F /* LaunchScreen.storyboard */ = {
			isa = PBXVariantGroup;
			children = (
				BE1E1FE41D4A803400920D5F /* Base */,
			);
			name = LaunchScreen.storyboard;
			sourceTree = "<group>";
		};
/* End PBXVariantGroup section */

/* Begin XCBuildConfiguration section */
		BE1E1FFD1D4A803400920D5F /* Debug */ = {
			isa = XCBuildConfiguration;
			buildSettings = {
				ALWAYS_SEARCH_USER_PATHS = NO;
				CLANG_ANALYZER_NONNULL = YES;
				CLANG_CXX_LANGUAGE_STANDARD = "gnu++0x";
				CLANG_CXX_LIBRARY = "libc++";
				CLANG_ENABLE_MODULES = YES;
				CLANG_ENABLE_OBJC_ARC = YES;
				CLANG_WARN_BOOL_CONVERSION = YES;
				CLANG_WARN_CONSTANT_CONVERSION = YES;
				CLANG_WARN_DIRECT_OBJC_ISA_USAGE = YES_ERROR;
				CLANG_WARN_EMPTY_BODY = YES;
				CLANG_WARN_ENUM_CONVERSION = YES;
				CLANG_WARN_INT_CONVERSION = YES;
				CLANG_WARN_OBJC_ROOT_CLASS = YES_ERROR;
				CLANG_WARN_UNREACHABLE_CODE = YES;
				CLANG_WARN__DUPLICATE_METHOD_MATCH = YES;
				"CODE_SIGN_IDENTITY[sdk=iphoneos*]" = "iPhone Developer";
				COPY_PHASE_STRIP = NO;
				DEBUG_INFORMATION_FORMAT = dwarf;
				ENABLE_STRICT_OBJC_MSGSEND = YES;
				ENABLE_TESTABILITY = YES;
				GCC_C_LANGUAGE_STANDARD = gnu99;
				GCC_DYNAMIC_NO_PIC = NO;
				GCC_NO_COMMON_BLOCKS = YES;
				GCC_OPTIMIZATION_LEVEL = 0;
				GCC_PREPROCESSOR_DEFINITIONS = (
					"DEBUG=1",
					"$(inherited)",
				);
				GCC_WARN_64_TO_32_BIT_CONVERSION = YES;
				GCC_WARN_ABOUT_RETURN_TYPE = YES_ERROR;
				GCC_WARN_UNDECLARED_SELECTOR = YES;
				GCC_WARN_UNINITIALIZED_AUTOS = YES_AGGRESSIVE;
				GCC_WARN_UNUSED_FUNCTION = YES;
				GCC_WARN_UNUSED_VARIABLE = YES;
				IPHONEOS_DEPLOYMENT_TARGET = 9.3;
				MTL_ENABLE_DEBUG_INFO = YES;
				ONLY_ACTIVE_ARCH = YES;
				SDKROOT = iphoneos;
				SWIFT_OPTIMIZATION_LEVEL = "-Onone";
				TARGETED_DEVICE_FAMILY = "1,2";
			};
			name = Debug;
		};
		BE1E1FFE1D4A803400920D5F /* Release */ = {
			isa = XCBuildConfiguration;
			buildSettings = {
				ALWAYS_SEARCH_USER_PATHS = NO;
				CLANG_ANALYZER_NONNULL = YES;
				CLANG_CXX_LANGUAGE_STANDARD = "gnu++0x";
				CLANG_CXX_LIBRARY = "libc++";
				CLANG_ENABLE_MODULES = YES;
				CLANG_ENABLE_OBJC_ARC = YES;
				CLANG_WARN_BOOL_CONVERSION = YES;
				CLANG_WARN_CONSTANT_CONVERSION = YES;
				CLANG_WARN_DIRECT_OBJC_ISA_USAGE = YES_ERROR;
				CLANG_WARN_EMPTY_BODY = YES;
				CLANG_WARN_ENUM_CONVERSION = YES;
				CLANG_WARN_INT_CONVERSION = YES;
				CLANG_WARN_OBJC_ROOT_CLASS = YES_ERROR;
				CLANG_WARN_UNREACHABLE_CODE = YES;
				CLANG_WARN__DUPLICATE_METHOD_MATCH = YES;
				"CODE_SIGN_IDENTITY[sdk=iphoneos*]" = "iPhone Developer";
				COPY_PHASE_STRIP = NO;
				DEBUG_INFORMATION_FORMAT = "dwarf-with-dsym";
				ENABLE_NS_ASSERTIONS = NO;
				ENABLE_STRICT_OBJC_MSGSEND = YES;
				GCC_C_LANGUAGE_STANDARD = gnu99;
				GCC_NO_COMMON_BLOCKS = YES;
				GCC_WARN_64_TO_32_BIT_CONVERSION = YES;
				GCC_WARN_ABOUT_RETURN_TYPE = YES_ERROR;
				GCC_WARN_UNDECLARED_SELECTOR = YES;
				GCC_WARN_UNINITIALIZED_AUTOS = YES_AGGRESSIVE;
				GCC_WARN_UNUSED_FUNCTION = YES;
				GCC_WARN_UNUSED_VARIABLE = YES;
				IPHONEOS_DEPLOYMENT_TARGET = 9.3;
				MTL_ENABLE_DEBUG_INFO = NO;
				SDKROOT = iphoneos;
				TARGETED_DEVICE_FAMILY = "1,2";
				VALIDATE_PRODUCT = YES;
			};
			name = Release;
		};
		BE1E20001D4A803400920D5F /* Debug */ = {
			isa = XCBuildConfiguration;
			buildSettings = {
				ASSETCATALOG_COMPILER_APPICON_NAME = AppIcon;
				INFOPLIST_FILE = "Quote Assist/Info.plist";
				IPHONEOS_DEPLOYMENT_TARGET = 8.0;
				LD_RUNPATH_SEARCH_PATHS = "$(inherited) @executable_path/Frameworks";
				PRODUCT_BUNDLE_IDENTIFIER = "com.swiftyl.Quote-Assist";
				PRODUCT_NAME = "$(TARGET_NAME)";
			};
			name = Debug;
		};
		BE1E20011D4A803400920D5F /* Release */ = {
			isa = XCBuildConfiguration;
			buildSettings = {
				ASSETCATALOG_COMPILER_APPICON_NAME = AppIcon;
				INFOPLIST_FILE = "Quote Assist/Info.plist";
				IPHONEOS_DEPLOYMENT_TARGET = 8.0;
				LD_RUNPATH_SEARCH_PATHS = "$(inherited) @executable_path/Frameworks";
				PRODUCT_BUNDLE_IDENTIFIER = "com.swiftyl.Quote-Assist";
				PRODUCT_NAME = "$(TARGET_NAME)";
			};
			name = Release;
		};
		BE1E20031D4A803400920D5F /* Debug */ = {
			isa = XCBuildConfiguration;
			buildSettings = {
				BUNDLE_LOADER = "$(TEST_HOST)";
				INFOPLIST_FILE = "Quote AssistTests/Info.plist";
				LD_RUNPATH_SEARCH_PATHS = "$(inherited) @executable_path/Frameworks @loader_path/Frameworks";
				PRODUCT_BUNDLE_IDENTIFIER = "com.swiftyl.Quote-AssistTests";
				PRODUCT_NAME = "$(TARGET_NAME)";
				TEST_HOST = "$(BUILT_PRODUCTS_DIR)/Quote Assist.app/Quote Assist";
			};
			name = Debug;
		};
		BE1E20041D4A803400920D5F /* Release */ = {
			isa = XCBuildConfiguration;
			buildSettings = {
				BUNDLE_LOADER = "$(TEST_HOST)";
				INFOPLIST_FILE = "Quote AssistTests/Info.plist";
				LD_RUNPATH_SEARCH_PATHS = "$(inherited) @executable_path/Frameworks @loader_path/Frameworks";
				PRODUCT_BUNDLE_IDENTIFIER = "com.swiftyl.Quote-AssistTests";
				PRODUCT_NAME = "$(TARGET_NAME)";
				TEST_HOST = "$(BUILT_PRODUCTS_DIR)/Quote Assist.app/Quote Assist";
			};
			name = Release;
		};
		BE1E20061D4A803400920D5F /* Debug */ = {
			isa = XCBuildConfiguration;
			buildSettings = {
				INFOPLIST_FILE = "Quote AssistUITests/Info.plist";
				LD_RUNPATH_SEARCH_PATHS = "$(inherited) @executable_path/Frameworks @loader_path/Frameworks";
				PRODUCT_BUNDLE_IDENTIFIER = "com.swiftyl.Quote-AssistUITests";
				PRODUCT_NAME = "$(TARGET_NAME)";
				TEST_TARGET_NAME = "Quote Assist";
			};
			name = Debug;
		};
		BE1E20071D4A803400920D5F /* Release */ = {
			isa = XCBuildConfiguration;
			buildSettings = {
				INFOPLIST_FILE = "Quote AssistUITests/Info.plist";
				LD_RUNPATH_SEARCH_PATHS = "$(inherited) @executable_path/Frameworks @loader_path/Frameworks";
				PRODUCT_BUNDLE_IDENTIFIER = "com.swiftyl.Quote-AssistUITests";
				PRODUCT_NAME = "$(TARGET_NAME)";
				TEST_TARGET_NAME = "Quote Assist";
			};
			name = Release;
		};
/* End XCBuildConfiguration section */

/* Begin XCConfigurationList section */
		BE1E1FD21D4A803400920D5F /* Build configuration list for PBXProject "Quote Assist" */ = {
			isa = XCConfigurationList;
			buildConfigurations = (
				BE1E1FFD1D4A803400920D5F /* Debug */,
				BE1E1FFE1D4A803400920D5F /* Release */,
			);
			defaultConfigurationIsVisible = 0;
			defaultConfigurationName = Release;
		};
		BE1E1FFF1D4A803400920D5F /* Build configuration list for PBXNativeTarget "Quote Assist" */ = {
			isa = XCConfigurationList;
			buildConfigurations = (
				BE1E20001D4A803400920D5F /* Debug */,
				BE1E20011D4A803400920D5F /* Release */,
			);
			defaultConfigurationIsVisible = 0;
			defaultConfigurationName = Release;
		};
		BE1E20021D4A803400920D5F /* Build configuration list for PBXNativeTarget "Quote AssistTests" */ = {
			isa = XCConfigurationList;
			buildConfigurations = (
				BE1E20031D4A803400920D5F /* Debug */,
				BE1E20041D4A803400920D5F /* Release */,
			);
			defaultConfigurationIsVisible = 0;
			defaultConfigurationName = Release;
		};
		BE1E20051D4A803400920D5F /* Build configuration list for PBXNativeTarget "Quote AssistUITests" */ = {
			isa = XCConfigurationList;
			buildConfigurations = (
				BE1E20061D4A803400920D5F /* Debug */,
				BE1E20071D4A803400920D5F /* Release */,
			);
			defaultConfigurationIsVisible = 0;
			defaultConfigurationName = Release;
		};
/* End XCConfigurationList section */
	};
	rootObject = BE1E1FCF1D4A803400920D5F /* Project object */;
}
